
Microsoft Visual Studio Solution File, Format Version 12.00
# Visual Studio Version 16
VisualStudioVersion = 16.0.31205.134
MinimumVisualStudioVersion = 10.0.40219.1
Project("{FAE04EC0-301F-11D3-BF4B-00C04F79EFBC}") = "ProjetoTeste", "ProjetoTeste.csproj", "{7B609B30-AB73-45BB-911D-27BBCC6BBC3A}"
EndProject
Global
	GlobalSection(SolutionConfigurationPlatforms) = preSolution
		Debug|Any CPU = Debug|Any CPU
		Release|Any CPU = Release|Any CPU
	EndGlobalSection
	GlobalSection(ProjectConfigurationPlatforms) = postSolution
		{7B609B30-AB73-45BB-911D-27BBCC6BBC3A}.Debug|Any CPU.ActiveCfg = Debug|Any CPU
		{7B609B30-AB73-45BB-911D-27BBCC6BBC3A}.Debug|Any CPU.Build.0 = Debug|Any CPU
		{7B609B30-AB73-45BB-911D-27BBCC6BBC3A}.Release|Any CPU.ActiveCfg = Release|Any CPU
		{7B609B30-AB73-45BB-911D-27BBCC6BBC3A}.Release|Any CPU.Build.0 = Release|Any CPU
	EndGlobalSection
	GlobalSection(SolutionProperties) = preSolution
		HideSolutionNode = FALSE
	EndGlobalSection
	GlobalSection(ExtensibilityGlobals) = postSolution
		SolutionGuid = {B61CA471-5D69-41D1-B83B-C7406C237618}
	EndGlobalSection
EndGlobal
